
Microsoft Visual Studio Solution File, Format Version 12.00
# Visual Studio Version 17
VisualStudioVersion = 17.12.35527.113
MinimumVisualStudioVersion = 10.0.40219.1
Project("{2150E333-8FDC-42A3-9474-1A3956D46DE8}") = "Services", "Services", "{C28C8D44-7E4A-4BB8-BC1D-FD70472AA775}"
EndProject
Project("{2150E333-8FDC-42A3-9474-1A3956D46DE8}") = "Catalog", "Catalog", "{0C699DD5-6083-426C-A26F-BE6E15D4A5BD}"
EndProject
Project("{FAE04EC0-301F-11D3-BF4B-00C04F79EFBC}") = "Catalog.API", "Services\Catalog\Catalog.API\Catalog.API.csproj", "{58462D82-3011-4566-9F26-9D0900E03B74}"
EndProject
Global
	GlobalSection(SolutionConfigurationPlatforms) = preSolution
		Debug|Any CPU = Debug|Any CPU
		Release|Any CPU = Release|Any CPU
	EndGlobalSection
	GlobalSection(ProjectConfigurationPlatforms) = postSolution
		{58462D82-3011-4566-9F26-9D0900E03B74}.Debug|Any CPU.ActiveCfg = Debug|Any CPU
		{58462D82-3011-4566-9F26-9D0900E03B74}.Debug|Any CPU.Build.0 = Debug|Any CPU
		{58462D82-3011-4566-9F26-9D0900E03B74}.Release|Any CPU.ActiveCfg = Release|Any CPU
		{58462D82-3011-4566-9F26-9D0900E03B74}.Release|Any CPU.Build.0 = Release|Any CPU
	EndGlobalSection
	GlobalSection(SolutionProperties) = preSolution
		HideSolutionNode = FALSE
	EndGlobalSection
	GlobalSection(NestedProjects) = preSolution
		{0C699DD5-6083-426C-A26F-BE6E15D4A5BD} = {C28C8D44-7E4A-4BB8-BC1D-FD70472AA775}
		{58462D82-3011-4566-9F26-9D0900E03B74} = {0C699DD5-6083-426C-A26F-BE6E15D4A5BD}
	EndGlobalSection
EndGlobal
